
Microsoft Visual Studio Solution File, Format Version 12.00
# Visual Studio Version 17
VisualStudioVersion = 17.10.35122.118
MinimumVisualStudioVersion = 10.0.40219.1
Project("{9A19103F-16F7-4668-BE54-9A1E7A4F7556}") = "MotorcycleRentalSystem.Api", "src\Web\MotorcycleRentalSystem.Api\MotorcycleRentalSystem.Api.csproj", "{6EB75D9B-11F1-44E8-8BF6-0FB5E1DE2E74}"
EndProject
Project("{9A19103F-16F7-4668-BE54-9A1E7A4F7556}") = "MotorcycleRentalSystem.Application", "src\Web\MotorcycleRentalSystem.Application\MotorcycleRentalSystem.Application.csproj", "{364EC064-A3DE-4C3C-9824-C500521E245E}"
EndProject
Project("{9A19103F-16F7-4668-BE54-9A1E7A4F7556}") = "MotorcycleRentalSystem.Domain", "src\Web\MotorcycleRentalSystem.Domain\MotorcycleRentalSystem.Domain.csproj", "{1E2E7D4B-B12F-46D4-9FE2-F0DC6A67B90A}"
EndProject
Project("{9A19103F-16F7-4668-BE54-9A1E7A4F7556}") = "MotorcycleRentalSystem.Infrastructure", "src\Web\MotorcycleRentalSystem.Infrastructure\MotorcycleRentalSystem.Infrastructure.csproj", "{0D60AF6B-B67E-499C-8688-504A35248D16}"
EndProject
Project("{2150E333-8FDC-42A3-9474-1A3956D46DE8}") = "src", "src", "{51F16C98-2E06-480B-8C4A-ED9B3A97FAF5}"
EndProject
Project("{2150E333-8FDC-42A3-9474-1A3956D46DE8}") = "web", "web", "{BEA8881D-54E0-4485-9CD8-5B4573AEE07D}"
EndProject
Project("{2150E333-8FDC-42A3-9474-1A3956D46DE8}") = "shared", "shared", "{B887687D-61C4-4685-AABB-81151293BE83}"
EndProject
Project("{9A19103F-16F7-4668-BE54-9A1E7A4F7556}") = "MotorcycleRentalSystem.Exceptions", "src\shared\MotorcycleRentalSystem.Exceptions\MotorcycleRentalSystem.Exceptions.csproj", "{64C0E022-2E86-40A8-9F05-A8DB11A51D9F}"
EndProject
Global
	GlobalSection(SolutionConfigurationPlatforms) = preSolution
		Debug|Any CPU = Debug|Any CPU
		Release|Any CPU = Release|Any CPU
	EndGlobalSection
	GlobalSection(ProjectConfigurationPlatforms) = postSolution
		{6EB75D9B-11F1-44E8-8BF6-0FB5E1DE2E74}.Debug|Any CPU.ActiveCfg = Debug|Any CPU
		{6EB75D9B-11F1-44E8-8BF6-0FB5E1DE2E74}.Debug|Any CPU.Build.0 = Debug|Any CPU
		{6EB75D9B-11F1-44E8-8BF6-0FB5E1DE2E74}.Release|Any CPU.ActiveCfg = Release|Any CPU
		{6EB75D9B-11F1-44E8-8BF6-0FB5E1DE2E74}.Release|Any CPU.Build.0 = Release|Any CPU
		{364EC064-A3DE-4C3C-9824-C500521E245E}.Debug|Any CPU.ActiveCfg = Debug|Any CPU
		{364EC064-A3DE-4C3C-9824-C500521E245E}.Debug|Any CPU.Build.0 = Debug|Any CPU
		{364EC064-A3DE-4C3C-9824-C500521E245E}.Release|Any CPU.ActiveCfg = Release|Any CPU
		{364EC064-A3DE-4C3C-9824-C500521E245E}.Release|Any CPU.Build.0 = Release|Any CPU
		{1E2E7D4B-B12F-46D4-9FE2-F0DC6A67B90A}.Debug|Any CPU.ActiveCfg = Debug|Any CPU
		{1E2E7D4B-B12F-46D4-9FE2-F0DC6A67B90A}.Debug|Any CPU.Build.0 = Debug|Any CPU
		{1E2E7D4B-B12F-46D4-9FE2-F0DC6A67B90A}.Release|Any CPU.ActiveCfg = Release|Any CPU
		{1E2E7D4B-B12F-46D4-9FE2-F0DC6A67B90A}.Release|Any CPU.Build.0 = Release|Any CPU
		{0D60AF6B-B67E-499C-8688-504A35248D16}.Debug|Any CPU.ActiveCfg = Debug|Any CPU
		{0D60AF6B-B67E-499C-8688-504A35248D16}.Debug|Any CPU.Build.0 = Debug|Any CPU
		{0D60AF6B-B67E-499C-8688-504A35248D16}.Release|Any CPU.ActiveCfg = Release|Any CPU
		{0D60AF6B-B67E-499C-8688-504A35248D16}.Release|Any CPU.Build.0 = Release|Any CPU
		{64C0E022-2E86-40A8-9F05-A8DB11A51D9F}.Debug|Any CPU.ActiveCfg = Debug|Any CPU
		{64C0E022-2E86-40A8-9F05-A8DB11A51D9F}.Debug|Any CPU.Build.0 = Debug|Any CPU
		{64C0E022-2E86-40A8-9F05-A8DB11A51D9F}.Release|Any CPU.ActiveCfg = Release|Any CPU
		{64C0E022-2E86-40A8-9F05-A8DB11A51D9F}.Release|Any CPU.Build.0 = Release|Any CPU
	EndGlobalSection
	GlobalSection(SolutionProperties) = preSolution
		HideSolutionNode = FALSE
	EndGlobalSection
	GlobalSection(NestedProjects) = preSolution
		{6EB75D9B-11F1-44E8-8BF6-0FB5E1DE2E74} = {BEA8881D-54E0-4485-9CD8-5B4573AEE07D}
		{364EC064-A3DE-4C3C-9824-C500521E245E} = {BEA8881D-54E0-4485-9CD8-5B4573AEE07D}
		{1E2E7D4B-B12F-46D4-9FE2-F0DC6A67B90A} = {BEA8881D-54E0-4485-9CD8-5B4573AEE07D}
		{0D60AF6B-B67E-499C-8688-504A35248D16} = {BEA8881D-54E0-4485-9CD8-5B4573AEE07D}
		{BEA8881D-54E0-4485-9CD8-5B4573AEE07D} = {51F16C98-2E06-480B-8C4A-ED9B3A97FAF5}
		{B887687D-61C4-4685-AABB-81151293BE83} = {51F16C98-2E06-480B-8C4A-ED9B3A97FAF5}
		{64C0E022-2E86-40A8-9F05-A8DB11A51D9F} = {B887687D-61C4-4685-AABB-81151293BE83}
	EndGlobalSection
	GlobalSection(ExtensibilityGlobals) = postSolution
		SolutionGuid = {252B1E4B-B259-47E1-82DC-8332A6759A12}
	EndGlobalSection
EndGlobal
